
Microsoft Visual Studio Solution File, Format Version 12.00
# Visual Studio 2013
VisualStudioVersion = 12.0.30501.0
MinimumVisualStudioVersion = 10.0.40219.1
Project("{8BC9CEB8-8B4A-11D0-8D11-00A0C91BC942}") = "EmbeddedWebServer", "EmbeddedWebServer\EmbeddedWebServer.vcxproj", "{D7D93F9D-0B33-46D3-AF86-32E2E8734E89}"
EndProject
Project("{8BC9CEB8-8B4A-11D0-8D11-00A0C91BC942}") = "statLibJson", "libjson\libjson.vcxproj", "{153A6FE5-40A9-4C31-B0C2-1C68D2E37BEA}"
EndProject
Global
	GlobalSection(SolutionConfigurationPlatforms) = preSolution
		Debug|Win32 = Debug|Win32
		Release|Win32 = Release|Win32
		small|Win32 = small|Win32
	EndGlobalSection
	GlobalSection(ProjectConfigurationPlatforms) = postSolution
		{D7D93F9D-0B33-46D3-AF86-32E2E8734E89}.Debug|Win32.ActiveCfg = Debug|Win32
		{D7D93F9D-0B33-46D3-AF86-32E2E8734E89}.Debug|Win32.Build.0 = Debug|Win32
		{D7D93F9D-0B33-46D3-AF86-32E2E8734E89}.Release|Win32.ActiveCfg = Release|Win32
		{D7D93F9D-0B33-46D3-AF86-32E2E8734E89}.Release|Win32.Build.0 = Release|Win32
		{D7D93F9D-0B33-46D3-AF86-32E2E8734E89}.small|Win32.ActiveCfg = Release|Win32
		{D7D93F9D-0B33-46D3-AF86-32E2E8734E89}.small|Win32.Build.0 = Release|Win32
		{153A6FE5-40A9-4C31-B0C2-1C68D2E37BEA}.Debug|Win32.ActiveCfg = Debug|Win32
		{153A6FE5-40A9-4C31-B0C2-1C68D2E37BEA}.Debug|Win32.Build.0 = Debug|Win32
		{153A6FE5-40A9-4C31-B0C2-1C68D2E37BEA}.Release|Win32.ActiveCfg = Release|Win32
		{153A6FE5-40A9-4C31-B0C2-1C68D2E37BEA}.Release|Win32.Build.0 = Release|Win32
		{153A6FE5-40A9-4C31-B0C2-1C68D2E37BEA}.small|Win32.ActiveCfg = small|Win32
		{153A6FE5-40A9-4C31-B0C2-1C68D2E37BEA}.small|Win32.Build.0 = small|Win32
	EndGlobalSection
	GlobalSection(SolutionProperties) = preSolution
		HideSolutionNode = FALSE
	EndGlobalSection
EndGlobal
